// !$*UTF8*$!
{
	archiveVersion = 1;
	classes = {
	};
	objectVersion = 50;
	objects = {

/* Begin PBXBuildFile section */
		6C1276DF25C7308D003B09F2 /* SKNode+Extensions.swift in Sources */ = {isa = PBXBuildFile; fileRef = 6C50E51A25C7188500C2422C /* SKNode+Extensions.swift */; };
		6C1276E425C79D35003B09F2 /* Splop.swift in Sources */ = {isa = PBXBuildFile; fileRef = 6C1276E325C79D35003B09F2 /* Splop.swift */; };
		6C134D1025CA1CF2004C3B91 /* SpriteKitButton.swift in Sources */ = {isa = PBXBuildFile; fileRef = 6C134D0F25CA1CF2004C3B91 /* SpriteKitButton.swift */; };
		6C134D1325CA3275004C3B91 /* GS+Toss.swift in Sources */ = {isa = PBXBuildFile; fileRef = 6C134D1225CA3275004C3B91 /* GS+Toss.swift */; };
		6C50E4FF25C64F1100C2422C /* AnimationHelper.swift in Sources */ = {isa = PBXBuildFile; fileRef = 6C50E4FC25C64DB100C2422C /* AnimationHelper.swift */; };
		6C50E50125C64F1300C2422C /* PhysicsHelper.swift in Sources */ = {isa = PBXBuildFile; fileRef = 6C778B7125C644BF003565BF /* PhysicsHelper.swift */; };
		6C50E50525C6E88400C2422C /* GS+Input.swift in Sources */ = {isa = PBXBuildFile; fileRef = 6C50E50425C6E88400C2422C /* GS+Input.swift */; };
		6C50E50925C6E90600C2422C /* GS+Physics.swift in Sources */ = {isa = PBXBuildFile; fileRef = 6C50E50825C6E90600C2422C /* GS+Physics.swift */; };
		6C50E50D25C6E93200C2422C /* GS+Update.swift in Sources */ = {isa = PBXBuildFile; fileRef = 6C50E50C25C6E93200C2422C /* GS+Update.swift */; };
		6C50E51625C7082F00C2422C /* GS+Creator.swift in Sources */ = {isa = PBXBuildFile; fileRef = 6C50E51525C7082F00C2422C /* GS+Creator.swift */; };
		6C778B6E25C64449003565BF /* Constants.swift in Sources */ = {isa = PBXBuildFile; fileRef = 6C778B6D25C64449003565BF /* Constants.swift */; };
		6C8A269025D0427500CB73B9 /* ObjectHelper.swift in Sources */ = {isa = PBXBuildFile; fileRef = 6C8A268F25D0427500CB73B9 /* ObjectHelper.swift */; };
		6C8A269325D05AAF00CB73B9 /* FurnaturePhysicsBody.swift in Sources */ = {isa = PBXBuildFile; fileRef = 6C8A269225D05AAF00CB73B9 /* FurnaturePhysicsBody.swift */; };
		6C8A269625D06E6200CB73B9 /* SideSurface.swift in Sources */ = {isa = PBXBuildFile; fileRef = 6C8A269525D06E6200CB73B9 /* SideSurface.swift */; };
		6C9B047825CB5C260018F49F /* HintGlow.sks in Resources */ = {isa = PBXBuildFile; fileRef = 6C9B047625CB5C260018F49F /* HintGlow.sks */; };
		6C9B047925CB5C260018F49F /* Assets.xcassets in Resources */ = {isa = PBXBuildFile; fileRef = 6C9B047725CB5C260018F49F /* Assets.xcassets */; };
		6CC1C76F25CCC17D00672D3A /* Sample Ground Tile Set.sks in Resources */ = {isa = PBXBuildFile; fileRef = 6CC1C76E25CCC17D00672D3A /* Sample Ground Tile Set.sks */; };
		6CC1C77425CDFBA200672D3A /* PlatformPlayground.sks in Resources */ = {isa = PBXBuildFile; fileRef = 6CC1C77325CDFBA200672D3A /* PlatformPlayground.sks */; };
		6CC1C77C25CE009D00672D3A /* SceneManagerDelegate.swift in Sources */ = {isa = PBXBuildFile; fileRef = 6CC1C77B25CE009D00672D3A /* SceneManagerDelegate.swift */; };
		6CC1C78125CE053800672D3A /* Layer.swift in Sources */ = {isa = PBXBuildFile; fileRef = 6CC1C77F25CE053800672D3A /* Layer.swift */; };
		6CC1C78225CE053800672D3A /* RepeatingLayer.swift in Sources */ = {isa = PBXBuildFile; fileRef = 6CC1C78025CE053800672D3A /* RepeatingLayer.swift */; };
		6CC1C78625CEE6EC00672D3A /* CGMath+Extensions.swift in Sources */ = {isa = PBXBuildFile; fileRef = 6CC1C78525CEE6EB00672D3A /* CGMath+Extensions.swift */; };
		6CF5490825C641E10042534E /* AppDelegate.swift in Sources */ = {isa = PBXBuildFile; fileRef = 6CF5490725C641E10042534E /* AppDelegate.swift */; };
		6CF5490A25C641E10042534E /* TestLevels.sks in Resources */ = {isa = PBXBuildFile; fileRef = 6CF5490925C641E10042534E /* TestLevels.sks */; };
		6CF5490E25C641E10042534E /* GameScene.swift in Sources */ = {isa = PBXBuildFile; fileRef = 6CF5490D25C641E10042534E /* GameScene.swift */; };
		6CF5491025C641E10042534E /* GameViewController.swift in Sources */ = {isa = PBXBuildFile; fileRef = 6CF5490F25C641E10042534E /* GameViewController.swift */; };
		6CF5491325C641E10042534E /* Main.storyboard in Resources */ = {isa = PBXBuildFile; fileRef = 6CF5491125C641E10042534E /* Main.storyboard */; };
		6CF5491525C641E20042534E /* Assets.xcassets in Resources */ = {isa = PBXBuildFile; fileRef = 6CF5491425C641E20042534E /* Assets.xcassets */; };
		6CF707A325CB5FB90037599D /* Magic.sks in Resources */ = {isa = PBXBuildFile; fileRef = 6CF707A225CB5FB90037599D /* Magic.sks */; };
/* End PBXBuildFile section */

/* Begin PBXFileReference section */
		6C1276E325C79D35003B09F2 /* Splop.swift */ = {isa = PBXFileReference; lastKnownFileType = sourcecode.swift; path = Splop.swift; sourceTree = "<group>"; };
		6C134D0F25CA1CF2004C3B91 /* SpriteKitButton.swift */ = {isa = PBXFileReference; lastKnownFileType = sourcecode.swift; path = SpriteKitButton.swift; sourceTree = "<group>"; };
		6C134D1225CA3275004C3B91 /* GS+Toss.swift */ = {isa = PBXFileReference; lastKnownFileType = sourcecode.swift; path = "GS+Toss.swift"; sourceTree = "<group>"; };
		6C50E4FC25C64DB100C2422C /* AnimationHelper.swift */ = {isa = PBXFileReference; lastKnownFileType = sourcecode.swift; path = AnimationHelper.swift; sourceTree = "<group>"; };
		6C50E50425C6E88400C2422C /* GS+Input.swift */ = {isa = PBXFileReference; lastKnownFileType = sourcecode.swift; path = "GS+Input.swift"; sourceTree = "<group>"; };
		6C50E50825C6E90600C2422C /* GS+Physics.swift */ = {isa = PBXFileReference; lastKnownFileType = sourcecode.swift; path = "GS+Physics.swift"; sourceTree = "<group>"; };
		6C50E50C25C6E93200C2422C /* GS+Update.swift */ = {isa = PBXFileReference; lastKnownFileType = sourcecode.swift; path = "GS+Update.swift"; sourceTree = "<group>"; };
		6C50E51525C7082F00C2422C /* GS+Creator.swift */ = {isa = PBXFileReference; lastKnownFileType = sourcecode.swift; path = "GS+Creator.swift"; sourceTree = "<group>"; };
		6C50E51A25C7188500C2422C /* SKNode+Extensions.swift */ = {isa = PBXFileReference; lastKnownFileType = sourcecode.swift; path = "SKNode+Extensions.swift"; sourceTree = "<group>"; };
		6C778B6D25C64449003565BF /* Constants.swift */ = {isa = PBXFileReference; lastKnownFileType = sourcecode.swift; path = Constants.swift; sourceTree = "<group>"; };
		6C778B7125C644BF003565BF /* PhysicsHelper.swift */ = {isa = PBXFileReference; lastKnownFileType = sourcecode.swift; path = PhysicsHelper.swift; sourceTree = "<group>"; };
		6C8A268F25D0427500CB73B9 /* ObjectHelper.swift */ = {isa = PBXFileReference; fileEncoding = 4; lastKnownFileType = sourcecode.swift; path = ObjectHelper.swift; sourceTree = "<group>"; };
		6C8A269225D05AAF00CB73B9 /* FurnaturePhysicsBody.swift */ = {isa = PBXFileReference; lastKnownFileType = sourcecode.swift; path = FurnaturePhysicsBody.swift; sourceTree = "<group>"; };
		6C8A269525D06E6200CB73B9 /* SideSurface.swift */ = {isa = PBXFileReference; lastKnownFileType = sourcecode.swift; path = SideSurface.swift; sourceTree = "<group>"; };
		6C9B047625CB5C260018F49F /* HintGlow.sks */ = {isa = PBXFileReference; lastKnownFileType = file.sks; path = HintGlow.sks; sourceTree = "<group>"; };
		6C9B047725CB5C260018F49F /* Assets.xcassets */ = {isa = PBXFileReference; lastKnownFileType = folder.assetcatalog; path = Assets.xcassets; sourceTree = "<group>"; };
		6CC1C76E25CCC17D00672D3A /* Sample Ground Tile Set.sks */ = {isa = PBXFileReference; lastKnownFileType = file.sks; path = "Sample Ground Tile Set.sks"; sourceTree = "<group>"; };
		6CC1C77325CDFBA200672D3A /* PlatformPlayground.sks */ = {isa = PBXFileReference; lastKnownFileType = file.sks; path = PlatformPlayground.sks; sourceTree = "<group>"; };
		6CC1C77B25CE009D00672D3A /* SceneManagerDelegate.swift */ = {isa = PBXFileReference; fileEncoding = 4; lastKnownFileType = sourcecode.swift; path = SceneManagerDelegate.swift; sourceTree = "<group>"; };
		6CC1C77F25CE053800672D3A /* Layer.swift */ = {isa = PBXFileReference; fileEncoding = 4; lastKnownFileType = sourcecode.swift; path = Layer.swift; sourceTree = "<group>"; };
		6CC1C78025CE053800672D3A /* RepeatingLayer.swift */ = {isa = PBXFileReference; fileEncoding = 4; lastKnownFileType = sourcecode.swift; path = RepeatingLayer.swift; sourceTree = "<group>"; };
		6CC1C78525CEE6EB00672D3A /* CGMath+Extensions.swift */ = {isa = PBXFileReference; lastKnownFileType = sourcecode.swift; path = "CGMath+Extensions.swift"; sourceTree = "<group>"; };
		6CF5490425C641E10042534E /* Jumper.app */ = {isa = PBXFileReference; explicitFileType = wrapper.application; includeInIndex = 0; path = Jumper.app; sourceTree = BUILT_PRODUCTS_DIR; };
		6CF5490725C641E10042534E /* AppDelegate.swift */ = {isa = PBXFileReference; lastKnownFileType = sourcecode.swift; path = AppDelegate.swift; sourceTree = "<group>"; };
		6CF5490925C641E10042534E /* TestLevels.sks */ = {isa = PBXFileReference; lastKnownFileType = file.sks; path = TestLevels.sks; sourceTree = "<group>"; };
		6CF5490D25C641E10042534E /* GameScene.swift */ = {isa = PBXFileReference; lastKnownFileType = sourcecode.swift; path = GameScene.swift; sourceTree = "<group>"; };
		6CF5490F25C641E10042534E /* GameViewController.swift */ = {isa = PBXFileReference; lastKnownFileType = sourcecode.swift; path = GameViewController.swift; sourceTree = "<group>"; };
		6CF5491225C641E10042534E /* Base */ = {isa = PBXFileReference; lastKnownFileType = file.storyboard; name = Base; path = Base.lproj/Main.storyboard; sourceTree = "<group>"; };
		6CF5491425C641E20042534E /* Assets.xcassets */ = {isa = PBXFileReference; lastKnownFileType = folder.assetcatalog; path = Assets.xcassets; sourceTree = "<group>"; };
		6CF5491625C641E20042534E /* Info.plist */ = {isa = PBXFileReference; lastKnownFileType = text.plist.xml; path = Info.plist; sourceTree = "<group>"; };
		6CF707A225CB5FB90037599D /* Magic.sks */ = {isa = PBXFileReference; lastKnownFileType = file.sks; path = Magic.sks; sourceTree = "<group>"; };
		6CF707A525CB7B5F0037599D /* GameSceneSimple.sks */ = {isa = PBXFileReference; lastKnownFileType = file.sks; path = GameSceneSimple.sks; sourceTree = "<group>"; };
/* End PBXFileReference section */

/* Begin PBXFrameworksBuildPhase section */
		6CF5490125C641E10042534E /* Frameworks */ = {
			isa = PBXFrameworksBuildPhase;
			buildActionMask = 2147483647;
			files = (
			);
			runOnlyForDeploymentPostprocessing = 0;
		};
/* End PBXFrameworksBuildPhase section */

/* Begin PBXGroup section */
		6C50E50325C6E83C00C2422C /* GameScene */ = {
			isa = PBXGroup;
			children = (
				6CF5490D25C641E10042534E /* GameScene.swift */,
				6C50E50825C6E90600C2422C /* GS+Physics.swift */,
				6C50E50425C6E88400C2422C /* GS+Input.swift */,
				6C50E50C25C6E93200C2422C /* GS+Update.swift */,
				6C134D1225CA3275004C3B91 /* GS+Toss.swift */,
				6C50E51525C7082F00C2422C /* GS+Creator.swift */,
			);
			path = GameScene;
			sourceTree = "<group>";
		};
		6CC1C77E25CE052D00672D3A /* Layers */ = {
			isa = PBXGroup;
			children = (
				6CC1C77F25CE053800672D3A /* Layer.swift */,
				6CC1C78025CE053800672D3A /* RepeatingLayer.swift */,
			);
			path = Layers;
			sourceTree = "<group>";
		};
		6CF548FB25C641E10042534E = {
			isa = PBXGroup;
			children = (
				6CF5490625C641E10042534E /* Jumper */,
				6CF5490525C641E10042534E /* Products */,
			);
			indentWidth = 2;
			sourceTree = "<group>";
			tabWidth = 2;
		};
		6CF5490525C641E10042534E /* Products */ = {
			isa = PBXGroup;
			children = (
				6CF5490425C641E10042534E /* Jumper.app */,
			);
			name = Products;
			sourceTree = "<group>";
		};
		6CF5490625C641E10042534E /* Jumper */ = {
			isa = PBXGroup;
			children = (
				6CF5491425C641E20042534E /* Assets.xcassets */,
				6C778B6D25C64449003565BF /* Constants.swift */,
				6CF5492125C642350042534E /* Scenes */,
				6CF5492825C642FD0042534E /* SKS */,
				6CF5492525C642560042534E /* Protocols */,
				6CF5492425C6424C0042534E /* Classes */,
				6CF5492325C642430042534E /* Extensions */,
				6CF5492225C6423E0042534E /* Tiles */,
				6CF5491F25C642040042534E /* Helpers */,
				6CF5491E25C641FD0042534E /* Resources */,
				6CF5491D25C641F60042534E /* Emitters */,
				6CC1C77E25CE052D00672D3A /* Layers */,
				6CF5492025C642120042534E /* Project */,
			);
			path = Jumper;
			sourceTree = "<group>";
		};
		6CF5491D25C641F60042534E /* Emitters */ = {
			isa = PBXGroup;
			children = (
				6C9B047625CB5C260018F49F /* HintGlow.sks */,
				6C9B047725CB5C260018F49F /* Assets.xcassets */,
				6CF707A225CB5FB90037599D /* Magic.sks */,
			);
			path = Emitters;
			sourceTree = "<group>";
		};
		6CF5491E25C641FD0042534E /* Resources */ = {
			isa = PBXGroup;
			children = (
			);
			path = Resources;
			sourceTree = "<group>";
		};
		6CF5491F25C642040042534E /* Helpers */ = {
			isa = PBXGroup;
			children = (
				6C50E4FC25C64DB100C2422C /* AnimationHelper.swift */,
				6C778B7125C644BF003565BF /* PhysicsHelper.swift */,
				6C8A268F25D0427500CB73B9 /* ObjectHelper.swift */,
			);
			path = Helpers;
			sourceTree = "<group>";
		};
		6CF5492025C642120042534E /* Project */ = {
			isa = PBXGroup;
			children = (
				6CF5490F25C641E10042534E /* GameViewController.swift */,
				6CF5490725C641E10042534E /* AppDelegate.swift */,
				6CF5491125C641E10042534E /* Main.storyboard */,
				6CF5491625C641E20042534E /* Info.plist */,
			);
			path = Project;
			sourceTree = "<group>";
		};
		6CF5492125C642350042534E /* Scenes */ = {
			isa = PBXGroup;
			children = (
				6C50E50325C6E83C00C2422C /* GameScene */,
			);
			path = Scenes;
			sourceTree = "<group>";
		};
		6CF5492225C6423E0042534E /* Tiles */ = {
			isa = PBXGroup;
			children = (
				6CC1C76E25CCC17D00672D3A /* Sample Ground Tile Set.sks */,
			);
			path = Tiles;
			sourceTree = "<group>";
		};
		6CF5492325C642430042534E /* Extensions */ = {
			isa = PBXGroup;
			children = (
				6CC1C78525CEE6EB00672D3A /* CGMath+Extensions.swift */,
				6C50E51A25C7188500C2422C /* SKNode+Extensions.swift */,
			);
			path = Extensions;
			sourceTree = "<group>";
		};
		6CF5492425C6424C0042534E /* Classes */ = {
			isa = PBXGroup;
			children = (
				6C1276E325C79D35003B09F2 /* Splop.swift */,
				6C134D0F25CA1CF2004C3B91 /* SpriteKitButton.swift */,
				6C8A269225D05AAF00CB73B9 /* FurnaturePhysicsBody.swift */,
				6C8A269525D06E6200CB73B9 /* SideSurface.swift */,
			);
			path = Classes;
			sourceTree = "<group>";
		};
		6CF5492525C642560042534E /* Protocols */ = {
			isa = PBXGroup;
			children = (
				6CC1C77B25CE009D00672D3A /* SceneManagerDelegate.swift */,
			);
			path = Protocols;
			sourceTree = "<group>";
		};
		6CF5492825C642FD0042534E /* SKS */ = {
			isa = PBXGroup;
			children = (
				6CF707A525CB7B5F0037599D /* GameSceneSimple.sks */,
				6CF5490925C641E10042534E /* TestLevels.sks */,
				6CC1C77325CDFBA200672D3A /* PlatformPlayground.sks */,
			);
			path = SKS;
			sourceTree = "<group>";
		};
/* End PBXGroup section */

/* Begin PBXNativeTarget section */
		6CF5490325C641E10042534E /* Jumper */ = {
			isa = PBXNativeTarget;
			buildConfigurationList = 6CF5491925C641E20042534E /* Build configuration list for PBXNativeTarget "Jumper" */;
			buildPhases = (
				6CF5490025C641E10042534E /* Sources */,
				6CF5490125C641E10042534E /* Frameworks */,
				6CF5490225C641E10042534E /* Resources */,
			);
			buildRules = (
			);
			dependencies = (
			);
			name = Jumper;
			productName = Jumper;
			productReference = 6CF5490425C641E10042534E /* Jumper.app */;
			productType = "com.apple.product-type.application";
		};
/* End PBXNativeTarget section */

/* Begin PBXProject section */
		6CF548FC25C641E10042534E /* Project object */ = {
			isa = PBXProject;
			attributes = {
				LastSwiftUpdateCheck = 1240;
				LastUpgradeCheck = 1240;
				TargetAttributes = {
					6CF5490325C641E10042534E = {
						CreatedOnToolsVersion = 12.4;
					};
				};
			};
			buildConfigurationList = 6CF548FF25C641E10042534E /* Build configuration list for PBXProject "Jumper" */;
			compatibilityVersion = "Xcode 9.3";
			developmentRegion = en;
			hasScannedForEncodings = 0;
			knownRegions = (
				en,
				Base,
			);
			mainGroup = 6CF548FB25C641E10042534E;
			productRefGroup = 6CF5490525C641E10042534E /* Products */;
			projectDirPath = "";
			projectRoot = "";
			targets = (
				6CF5490325C641E10042534E /* Jumper */,
			);
		};
/* End PBXProject section */

/* Begin PBXResourcesBuildPhase section */
		6CF5490225C641E10042534E /* Resources */ = {
			isa = PBXResourcesBuildPhase;
			buildActionMask = 2147483647;
			files = (
				6CF5491325C641E10042534E /* Main.storyboard in Resources */,
				6CF707A325CB5FB90037599D /* Magic.sks in Resources */,
				6CF5490A25C641E10042534E /* TestLevels.sks in Resources */,
				6CF5491525C641E20042534E /* Assets.xcassets in Resources */,
				6CC1C76F25CCC17D00672D3A /* Sample Ground Tile Set.sks in Resources */,
				6C9B047825CB5C260018F49F /* HintGlow.sks in Resources */,
				6C9B047925CB5C260018F49F /* Assets.xcassets in Resources */,
				6CC1C77425CDFBA200672D3A /* PlatformPlayground.sks in Resources */,
			);
			runOnlyForDeploymentPostprocessing = 0;
		};
/* End PBXResourcesBuildPhase section */

/* Begin PBXSourcesBuildPhase section */
		6CF5490025C641E10042534E /* Sources */ = {
			isa = PBXSourcesBuildPhase;
			buildActionMask = 2147483647;
			files = (
				6C50E50925C6E90600C2422C /* GS+Physics.swift in Sources */,
				6CF5490E25C641E10042534E /* GameScene.swift in Sources */,
				6C8A269625D06E6200CB73B9 /* SideSurface.swift in Sources */,
				6C50E51625C7082F00C2422C /* GS+Creator.swift in Sources */,
				6CC1C78125CE053800672D3A /* Layer.swift in Sources */,
				6C778B6E25C64449003565BF /* Constants.swift in Sources */,
				6C134D1325CA3275004C3B91 /* GS+Toss.swift in Sources */,
				6C1276E425C79D35003B09F2 /* Splop.swift in Sources */,
				6C50E50525C6E88400C2422C /* GS+Input.swift in Sources */,
				6C134D1025CA1CF2004C3B91 /* SpriteKitButton.swift in Sources */,
				6C50E50D25C6E93200C2422C /* GS+Update.swift in Sources */,
				6C50E4FF25C64F1100C2422C /* AnimationHelper.swift in Sources */,
				6CF5491025C641E10042534E /* GameViewController.swift in Sources */,
				6C1276DF25C7308D003B09F2 /* SKNode+Extensions.swift in Sources */,
				6CC1C78625CEE6EC00672D3A /* CGMath+Extensions.swift in Sources */,
				6C8A269325D05AAF00CB73B9 /* FurnaturePhysicsBody.swift in Sources */,
				6CC1C78225CE053800672D3A /* RepeatingLayer.swift in Sources */,
				6CC1C77C25CE009D00672D3A /* SceneManagerDelegate.swift in Sources */,
				6CF5490825C641E10042534E /* AppDelegate.swift in Sources */,
				6C50E50125C64F1300C2422C /* PhysicsHelper.swift in Sources */,
				6C8A269025D0427500CB73B9 /* ObjectHelper.swift in Sources */,
			);
			runOnlyForDeploymentPostprocessing = 0;
		};
/* End PBXSourcesBuildPhase section */

/* Begin PBXVariantGroup section */
		6CF5491125C641E10042534E /* Main.storyboard */ = {
			isa = PBXVariantGroup;
			children = (
				6CF5491225C641E10042534E /* Base */,
			);
			name = Main.storyboard;
			sourceTree = "<group>";
		};
/* End PBXVariantGroup section */

/* Begin XCBuildConfiguration section */
		6CF5491725C641E20042534E /* Debug */ = {
			isa = XCBuildConfiguration;
			buildSettings = {
				ALWAYS_SEARCH_USER_PATHS = NO;
				CLANG_ANALYZER_NONNULL = YES;
				CLANG_ANALYZER_NUMBER_OBJECT_CONVERSION = YES_AGGRESSIVE;
				CLANG_CXX_LANGUAGE_STANDARD = "gnu++14";
				CLANG_CXX_LIBRARY = "libc++";
				CLANG_ENABLE_MODULES = YES;
				CLANG_ENABLE_OBJC_ARC = YES;
				CLANG_ENABLE_OBJC_WEAK = YES;
				CLANG_WARN_BLOCK_CAPTURE_AUTORELEASING = YES;
				CLANG_WARN_BOOL_CONVERSION = YES;
				CLANG_WARN_COMMA = YES;
				CLANG_WARN_CONSTANT_CONVERSION = YES;
				CLANG_WARN_DEPRECATED_OBJC_IMPLEMENTATIONS = YES;
				CLANG_WARN_DIRECT_OBJC_ISA_USAGE = YES_ERROR;
				CLANG_WARN_DOCUMENTATION_COMMENTS = YES;
				CLANG_WARN_EMPTY_BODY = YES;
				CLANG_WARN_ENUM_CONVERSION = YES;
				CLANG_WARN_INFINITE_RECURSION = YES;
				CLANG_WARN_INT_CONVERSION = YES;
				CLANG_WARN_NON_LITERAL_NULL_CONVERSION = YES;
				CLANG_WARN_OBJC_IMPLICIT_RETAIN_SELF = YES;
				CLANG_WARN_OBJC_LITERAL_CONVERSION = YES;
				CLANG_WARN_OBJC_ROOT_CLASS = YES_ERROR;
				CLANG_WARN_QUOTED_INCLUDE_IN_FRAMEWORK_HEADER = YES;
				CLANG_WARN_RANGE_LOOP_ANALYSIS = YES;
				CLANG_WARN_STRICT_PROTOTYPES = YES;
				CLANG_WARN_SUSPICIOUS_MOVE = YES;
				CLANG_WARN_UNGUARDED_AVAILABILITY = YES_AGGRESSIVE;
				CLANG_WARN_UNREACHABLE_CODE = YES;
				CLANG_WARN__DUPLICATE_METHOD_MATCH = YES;
				COPY_PHASE_STRIP = NO;
				DEBUG_INFORMATION_FORMAT = dwarf;
				ENABLE_STRICT_OBJC_MSGSEND = YES;
				ENABLE_TESTABILITY = YES;
				GCC_C_LANGUAGE_STANDARD = gnu11;
				GCC_DYNAMIC_NO_PIC = NO;
				GCC_NO_COMMON_BLOCKS = YES;
				GCC_OPTIMIZATION_LEVEL = 0;
				GCC_PREPROCESSOR_DEFINITIONS = (
					"DEBUG=1",
					"$(inherited)",
				);
				GCC_WARN_64_TO_32_BIT_CONVERSION = YES;
				GCC_WARN_ABOUT_RETURN_TYPE = YES_ERROR;
				GCC_WARN_UNDECLARED_SELECTOR = YES;
				GCC_WARN_UNINITIALIZED_AUTOS = YES_AGGRESSIVE;
				GCC_WARN_UNUSED_FUNCTION = YES;
				GCC_WARN_UNUSED_VARIABLE = YES;
				IPHONEOS_DEPLOYMENT_TARGET = 14.4;
				MTL_ENABLE_DEBUG_INFO = INCLUDE_SOURCE;
				MTL_FAST_MATH = YES;
				ONLY_ACTIVE_ARCH = YES;
				SDKROOT = iphoneos;
				SWIFT_ACTIVE_COMPILATION_CONDITIONS = DEBUG;
				SWIFT_OPTIMIZATION_LEVEL = "-Onone";
			};
			name = Debug;
		};
		6CF5491825C641E20042534E /* Release */ = {
			isa = XCBuildConfiguration;
			buildSettings = {
				ALWAYS_SEARCH_USER_PATHS = NO;
				CLANG_ANALYZER_NONNULL = YES;
				CLANG_ANALYZER_NUMBER_OBJECT_CONVERSION = YES_AGGRESSIVE;
				CLANG_CXX_LANGUAGE_STANDARD = "gnu++14";
				CLANG_CXX_LIBRARY = "libc++";
				CLANG_ENABLE_MODULES = YES;
				CLANG_ENABLE_OBJC_ARC = YES;
				CLANG_ENABLE_OBJC_WEAK = YES;
				CLANG_WARN_BLOCK_CAPTURE_AUTORELEASING = YES;
				CLANG_WARN_BOOL_CONVERSION = YES;
				CLANG_WARN_COMMA = YES;
				CLANG_WARN_CONSTANT_CONVERSION = YES;
				CLANG_WARN_DEPRECATED_OBJC_IMPLEMENTATIONS = YES;
				CLANG_WARN_DIRECT_OBJC_ISA_USAGE = YES_ERROR;
				CLANG_WARN_DOCUMENTATION_COMMENTS = YES;
				CLANG_WARN_EMPTY_BODY = YES;
				CLANG_WARN_ENUM_CONVERSION = YES;
				CLANG_WARN_INFINITE_RECURSION = YES;
				CLANG_WARN_INT_CONVERSION = YES;
				CLANG_WARN_NON_LITERAL_NULL_CONVERSION = YES;
				CLANG_WARN_OBJC_IMPLICIT_RETAIN_SELF = YES;
				CLANG_WARN_OBJC_LITERAL_CONVERSION = YES;
				CLANG_WARN_OBJC_ROOT_CLASS = YES_ERROR;
				CLANG_WARN_QUOTED_INCLUDE_IN_FRAMEWORK_HEADER = YES;
				CLANG_WARN_RANGE_LOOP_ANALYSIS = YES;
				CLANG_WARN_STRICT_PROTOTYPES = YES;
				CLANG_WARN_SUSPICIOUS_MOVE = YES;
				CLANG_WARN_UNGUARDED_AVAILABILITY = YES_AGGRESSIVE;
				CLANG_WARN_UNREACHABLE_CODE = YES;
				CLANG_WARN__DUPLICATE_METHOD_MATCH = YES;
				COPY_PHASE_STRIP = NO;
				DEBUG_INFORMATION_FORMAT = "dwarf-with-dsym";
				ENABLE_NS_ASSERTIONS = NO;
				ENABLE_STRICT_OBJC_MSGSEND = YES;
				GCC_C_LANGUAGE_STANDARD = gnu11;
				GCC_NO_COMMON_BLOCKS = YES;
				GCC_WARN_64_TO_32_BIT_CONVERSION = YES;
				GCC_WARN_ABOUT_RETURN_TYPE = YES_ERROR;
				GCC_WARN_UNDECLARED_SELECTOR = YES;
				GCC_WARN_UNINITIALIZED_AUTOS = YES_AGGRESSIVE;
				GCC_WARN_UNUSED_FUNCTION = YES;
				GCC_WARN_UNUSED_VARIABLE = YES;
				IPHONEOS_DEPLOYMENT_TARGET = 14.4;
				MTL_ENABLE_DEBUG_INFO = NO;
				MTL_FAST_MATH = YES;
				SDKROOT = iphoneos;
				SWIFT_COMPILATION_MODE = wholemodule;
				SWIFT_OPTIMIZATION_LEVEL = "-O";
				VALIDATE_PRODUCT = YES;
			};
			name = Release;
		};
		6CF5491A25C641E20042534E /* Debug */ = {
			isa = XCBuildConfiguration;
			buildSettings = {
				ASSETCATALOG_COMPILER_APPICON_NAME = AppIcon;
				ASSETCATALOG_COMPILER_GLOBAL_ACCENT_COLOR_NAME = AccentColor;
				CODE_SIGN_STYLE = Automatic;
				DEVELOPMENT_TEAM = NVT394L78L;
				INFOPLIST_FILE = Jumper/Project/Info.plist;
				IPHONEOS_DEPLOYMENT_TARGET = 14.3;
				LD_RUNPATH_SEARCH_PATHS = (
					"$(inherited)",
					"@executable_path/Frameworks",
				);
				PRODUCT_BUNDLE_IDENTIFIER = com.bladnman.Jumper;
				PRODUCT_NAME = "$(TARGET_NAME)";
				SWIFT_VERSION = 5.0;
				TARGETED_DEVICE_FAMILY = "1,2";
			};
			name = Debug;
		};
		6CF5491B25C641E20042534E /* Release */ = {
			isa = XCBuildConfiguration;
			buildSettings = {
				ASSETCATALOG_COMPILER_APPICON_NAME = AppIcon;
				ASSETCATALOG_COMPILER_GLOBAL_ACCENT_COLOR_NAME = AccentColor;
				CODE_SIGN_STYLE = Automatic;
				DEVELOPMENT_TEAM = NVT394L78L;
				INFOPLIST_FILE = Jumper/Project/Info.plist;
				IPHONEOS_DEPLOYMENT_TARGET = 14.3;
				LD_RUNPATH_SEARCH_PATHS = (
					"$(inherited)",
					"@executable_path/Frameworks",
				);
				PRODUCT_BUNDLE_IDENTIFIER = com.bladnman.Jumper;
				PRODUCT_NAME = "$(TARGET_NAME)";
				SWIFT_VERSION = 5.0;
				TARGETED_DEVICE_FAMILY = "1,2";
			};
			name = Release;
		};
/* End XCBuildConfiguration section */

/* Begin XCConfigurationList section */
		6CF548FF25C641E10042534E /* Build configuration list for PBXProject "Jumper" */ = {
			isa = XCConfigurationList;
			buildConfigurations = (
				6CF5491725C641E20042534E /* Debug */,
				6CF5491825C641E20042534E /* Release */,
			);
			defaultConfigurationIsVisible = 0;
			defaultConfigurationName = Release;
		};
		6CF5491925C641E20042534E /* Build configuration list for PBXNativeTarget "Jumper" */ = {
			isa = XCConfigurationList;
			buildConfigurations = (
				6CF5491A25C641E20042534E /* Debug */,
				6CF5491B25C641E20042534E /* Release */,
			);
			defaultConfigurationIsVisible = 0;
			defaultConfigurationName = Release;
		};
/* End XCConfigurationList section */
	};
	rootObject = 6CF548FC25C641E10042534E /* Project object */;
}
